// !$*UTF8*$!
{
	archiveVersion = 1;
	classes = {
	};
	objectVersion = 46;
	objects = {

/* Begin PBXBuildFile section */
		030D9B7C21551A8D00961E95 /* AerialPlayerItem.swift in Sources */ = {isa = PBXBuildFile; fileRef = AA7E2E5D1FC62E8B00E5F320 /* AerialPlayerItem.swift */; };
		03233B68217272640077D3F9 /* PoiStringProvider.swift in Sources */ = {isa = PBXBuildFile; fileRef = 03233B67217272640077D3F9 /* PoiStringProvider.swift */; };
		03233B692172762C0077D3F9 /* PoiStringProvider.swift in Sources */ = {isa = PBXBuildFile; fileRef = 03233B67217272640077D3F9 /* PoiStringProvider.swift */; };
		033D62AB216CADCD00F3AF83 /* icon-day-dark.pdf in Resources */ = {isa = PBXBuildFile; fileRef = 033D62AA216CADCD00F3AF83 /* icon-day-dark.pdf */; };
		033D62AC216CADCD00F3AF83 /* icon-day-dark.pdf in Resources */ = {isa = PBXBuildFile; fileRef = 033D62AA216CADCD00F3AF83 /* icon-day-dark.pdf */; };
		033D62AD216CADCD00F3AF83 /* icon-day-dark.pdf in Resources */ = {isa = PBXBuildFile; fileRef = 033D62AA216CADCD00F3AF83 /* icon-day-dark.pdf */; };
		033D62AF216CAE2C00F3AF83 /* icon-night-dark.pdf in Resources */ = {isa = PBXBuildFile; fileRef = 033D62AE216CAE2C00F3AF83 /* icon-night-dark.pdf */; };
		033D62B0216CAE2C00F3AF83 /* icon-night-dark.pdf in Resources */ = {isa = PBXBuildFile; fileRef = 033D62AE216CAE2C00F3AF83 /* icon-night-dark.pdf */; };
		033D62B1216CAE2C00F3AF83 /* icon-night-dark.pdf in Resources */ = {isa = PBXBuildFile; fileRef = 033D62AE216CAE2C00F3AF83 /* icon-night-dark.pdf */; };
		0393857A2175D4B80040B850 /* AVPlayerViewExtension.swift in Sources */ = {isa = PBXBuildFile; fileRef = 039385792175D4B80040B850 /* AVPlayerViewExtension.swift */; };
		0393857B2175D4B80040B850 /* AVPlayerViewExtension.swift in Sources */ = {isa = PBXBuildFile; fileRef = 039385792175D4B80040B850 /* AVPlayerViewExtension.swift */; };
		0393857C2175D4B80040B850 /* AVPlayerViewExtension.swift in Sources */ = {isa = PBXBuildFile; fileRef = 039385792175D4B80040B850 /* AVPlayerViewExtension.swift */; };
		03A2CB9C216BA9AF0061E8E8 /* VideoManager.swift in Sources */ = {isa = PBXBuildFile; fileRef = 03A2CB9B216BA9AF0061E8E8 /* VideoManager.swift */; };
		03A2CB9D216BB1490061E8E8 /* VideoManager.swift in Sources */ = {isa = PBXBuildFile; fileRef = 03A2CB9B216BA9AF0061E8E8 /* VideoManager.swift */; };
		03E8730C2165013C002B469B /* DownloadManager.swift in Sources */ = {isa = PBXBuildFile; fileRef = 03E8730B2165013C002B469B /* DownloadManager.swift */; };
		03E8730F216501ED002B469B /* AsynchronousOperation.swift in Sources */ = {isa = PBXBuildFile; fileRef = 03E8730E216501ED002B469B /* AsynchronousOperation.swift */; };
		03E8731021662AEB002B469B /* DownloadManager.swift in Sources */ = {isa = PBXBuildFile; fileRef = 03E8730B2165013C002B469B /* DownloadManager.swift */; };
		03E8731121662AEB002B469B /* AsynchronousOperation.swift in Sources */ = {isa = PBXBuildFile; fileRef = 03E8730E216501ED002B469B /* AsynchronousOperation.swift */; };
		03E8731321675FE0002B469B /* TimeManagement.swift in Sources */ = {isa = PBXBuildFile; fileRef = 03E8731221675FE0002B469B /* TimeManagement.swift */; };
		03E87314216760B7002B469B /* TimeManagement.swift in Sources */ = {isa = PBXBuildFile; fileRef = 03E8731221675FE0002B469B /* TimeManagement.swift */; };
		AA7E2E5E1FC62E8B00E5F320 /* AerialPlayerItem.swift in Sources */ = {isa = PBXBuildFile; fileRef = AA7E2E5D1FC62E8B00E5F320 /* AerialPlayerItem.swift */; };
		FA143CE61BDA3EEF0041A82B /* AVKit.framework in Frameworks */ = {isa = PBXBuildFile; fileRef = FA143CE51BDA3EEF0041A82B /* AVKit.framework */; };
		FA36BD3F1BE57F8E00D5E03B /* VideoDownload.swift in Sources */ = {isa = PBXBuildFile; fileRef = FA36BD3E1BE57F8E00D5E03B /* VideoDownload.swift */; };
		FA36BD401BE57F8E00D5E03B /* VideoDownload.swift in Sources */ = {isa = PBXBuildFile; fileRef = FA36BD3E1BE57F8E00D5E03B /* VideoDownload.swift */; };
		FA6F81DC1D939455007975FE /* Preferences.swift in Sources */ = {isa = PBXBuildFile; fileRef = FA6F81DB1D939455007975FE /* Preferences.swift */; };
		FA6F81DD1D939455007975FE /* Preferences.swift in Sources */ = {isa = PBXBuildFile; fileRef = FA6F81DB1D939455007975FE /* Preferences.swift */; };
		FA7199711D94EC5A00FBC99B /* PreferencesTests.swift in Sources */ = {isa = PBXBuildFile; fileRef = FA7199701D94EC5A00FBC99B /* PreferencesTests.swift */; };
		FAB22A7E1BE17D7D0065C0F5 /* AssetLoaderDelegate.swift in Sources */ = {isa = PBXBuildFile; fileRef = FAB22A7D1BE17D7D0065C0F5 /* AssetLoaderDelegate.swift */; };
		FAB22A7F1BE17D7D0065C0F5 /* AssetLoaderDelegate.swift in Sources */ = {isa = PBXBuildFile; fileRef = FAB22A7D1BE17D7D0065C0F5 /* AssetLoaderDelegate.swift */; };
		FAC36F481BE1756D007F2A20 /* Assets.xcassets in Resources */ = {isa = PBXBuildFile; fileRef = FAC36F321BE1756D007F2A20 /* Assets.xcassets */; };
		FAC36F4A1BE1756D007F2A20 /* MainMenu.xib in Resources */ = {isa = PBXBuildFile; fileRef = FAC36F331BE1756D007F2A20 /* MainMenu.xib */; };
		FAC36F4D1BE1756D007F2A20 /* icon-day.pdf in Resources */ = {isa = PBXBuildFile; fileRef = FAC36F371BE1756D007F2A20 /* icon-day.pdf */; };
		FAC36F4E1BE1756D007F2A20 /* icon-day.pdf in Resources */ = {isa = PBXBuildFile; fileRef = FAC36F371BE1756D007F2A20 /* icon-day.pdf */; };
		FAC36F4F1BE1756D007F2A20 /* icon-night.pdf in Resources */ = {isa = PBXBuildFile; fileRef = FAC36F381BE1756D007F2A20 /* icon-night.pdf */; };
		FAC36F501BE1756D007F2A20 /* icon-night.pdf in Resources */ = {isa = PBXBuildFile; fileRef = FAC36F381BE1756D007F2A20 /* icon-night.pdf */; };
		FAC36F531BE1756D007F2A20 /* PreferencesWindow.xib in Resources */ = {isa = PBXBuildFile; fileRef = FAC36F3A1BE1756D007F2A20 /* PreferencesWindow.xib */; };
		FAC36F541BE1756D007F2A20 /* PreferencesWindow.xib in Resources */ = {isa = PBXBuildFile; fileRef = FAC36F3A1BE1756D007F2A20 /* PreferencesWindow.xib */; };
		FAC36F551BE1756D007F2A20 /* thumbnail.png in Resources */ = {isa = PBXBuildFile; fileRef = FAC36F3B1BE1756D007F2A20 /* thumbnail.png */; };
		FAC36F561BE1756D007F2A20 /* thumbnail.png in Resources */ = {isa = PBXBuildFile; fileRef = FAC36F3B1BE1756D007F2A20 /* thumbnail.png */; };
		FAC36F571BE1756D007F2A20 /* PreferencesWindowController.swift in Sources */ = {isa = PBXBuildFile; fileRef = FAC36F3E1BE1756D007F2A20 /* PreferencesWindowController.swift */; };
		FAC36F581BE1756D007F2A20 /* PreferencesWindowController.swift in Sources */ = {isa = PBXBuildFile; fileRef = FAC36F3E1BE1756D007F2A20 /* PreferencesWindowController.swift */; };
		FAC36F591BE1756D007F2A20 /* AerialVideo.swift in Sources */ = {isa = PBXBuildFile; fileRef = FAC36F401BE1756D007F2A20 /* AerialVideo.swift */; };
		FAC36F5A1BE1756D007F2A20 /* AerialVideo.swift in Sources */ = {isa = PBXBuildFile; fileRef = FAC36F401BE1756D007F2A20 /* AerialVideo.swift */; };
		FAC36F5B1BE1756D007F2A20 /* AerialView.swift in Sources */ = {isa = PBXBuildFile; fileRef = FAC36F431BE1756D007F2A20 /* AerialView.swift */; };
		FAC36F5C1BE1756D007F2A20 /* AerialView.swift in Sources */ = {isa = PBXBuildFile; fileRef = FAC36F431BE1756D007F2A20 /* AerialView.swift */; };
		FAC36F5D1BE1756D007F2A20 /* CheckCellView.swift in Sources */ = {isa = PBXBuildFile; fileRef = FAC36F441BE1756D007F2A20 /* CheckCellView.swift */; };
		FAC36F5E1BE1756D007F2A20 /* CheckCellView.swift in Sources */ = {isa = PBXBuildFile; fileRef = FAC36F441BE1756D007F2A20 /* CheckCellView.swift */; };
		FAC36F601BE175CF007F2A20 /* AppDelegate.swift in Sources */ = {isa = PBXBuildFile; fileRef = FAC36F301BE1756D007F2A20 /* AppDelegate.swift */; };
		FAC36F641BE1772F007F2A20 /* CollectionType+Shuffling.swift in Sources */ = {isa = PBXBuildFile; fileRef = FAC36F631BE1772F007F2A20 /* CollectionType+Shuffling.swift */; };
		FAC36F651BE1772F007F2A20 /* CollectionType+Shuffling.swift in Sources */ = {isa = PBXBuildFile; fileRef = FAC36F631BE1772F007F2A20 /* CollectionType+Shuffling.swift */; };
		FAC36F671BE1778C007F2A20 /* ManifestLoader.swift in Sources */ = {isa = PBXBuildFile; fileRef = FAC36F661BE1778C007F2A20 /* ManifestLoader.swift */; };
		FAC36F681BE1778C007F2A20 /* ManifestLoader.swift in Sources */ = {isa = PBXBuildFile; fileRef = FAC36F661BE1778C007F2A20 /* ManifestLoader.swift */; };
		FAC36F6A1BE1780B007F2A20 /* Debug.swift in Sources */ = {isa = PBXBuildFile; fileRef = FAC36F691BE1780B007F2A20 /* Debug.swift */; };
		FAC36F6B1BE1780B007F2A20 /* Debug.swift in Sources */ = {isa = PBXBuildFile; fileRef = FAC36F691BE1780B007F2A20 /* Debug.swift */; };
		FAF450211BE2B45D00C1F98A /* VideoLoader.swift in Sources */ = {isa = PBXBuildFile; fileRef = FAF450201BE2B45D00C1F98A /* VideoLoader.swift */; };
		FAF450221BE2B45D00C1F98A /* VideoLoader.swift in Sources */ = {isa = PBXBuildFile; fileRef = FAF450201BE2B45D00C1F98A /* VideoLoader.swift */; };
		FAF450241BE2D2FD00C1F98A /* VideoCache.swift in Sources */ = {isa = PBXBuildFile; fileRef = FAF450231BE2D2FD00C1F98A /* VideoCache.swift */; };
		FAF450251BE2D2FD00C1F98A /* VideoCache.swift in Sources */ = {isa = PBXBuildFile; fileRef = FAF450231BE2D2FD00C1F98A /* VideoCache.swift */; };
/* End PBXBuildFile section */

/* Begin PBXContainerItemProxy section */
		FA7199731D94EC5A00FBC99B /* PBXContainerItemProxy */ = {
			isa = PBXContainerItemProxy;
			containerPortal = FACAF19C1BD9FC6000E539DC /* Project object */;
			proxyType = 1;
			remoteGlobalIDString = FA143CD51BDA3E880041A82B;
			remoteInfo = "Aerial App";
		};
/* End PBXContainerItemProxy section */

/* Begin PBXFileReference section */
		03233B67217272640077D3F9 /* PoiStringProvider.swift */ = {isa = PBXFileReference; lastKnownFileType = sourcecode.swift; path = PoiStringProvider.swift; sourceTree = "<group>"; };
		033D62AA216CADCD00F3AF83 /* icon-day-dark.pdf */ = {isa = PBXFileReference; lastKnownFileType = image.pdf; path = "icon-day-dark.pdf"; sourceTree = "<group>"; };
		033D62AE216CAE2C00F3AF83 /* icon-night-dark.pdf */ = {isa = PBXFileReference; lastKnownFileType = image.pdf; path = "icon-night-dark.pdf"; sourceTree = "<group>"; };
		039385792175D4B80040B850 /* AVPlayerViewExtension.swift */ = {isa = PBXFileReference; lastKnownFileType = sourcecode.swift; path = AVPlayerViewExtension.swift; sourceTree = "<group>"; };
		03A2CB9B216BA9AF0061E8E8 /* VideoManager.swift */ = {isa = PBXFileReference; lastKnownFileType = sourcecode.swift; path = VideoManager.swift; sourceTree = "<group>"; };
		03E8730B2165013C002B469B /* DownloadManager.swift */ = {isa = PBXFileReference; lastKnownFileType = sourcecode.swift; path = DownloadManager.swift; sourceTree = "<group>"; };
		03E8730E216501ED002B469B /* AsynchronousOperation.swift */ = {isa = PBXFileReference; lastKnownFileType = sourcecode.swift; path = AsynchronousOperation.swift; sourceTree = "<group>"; };
		03E8731221675FE0002B469B /* TimeManagement.swift */ = {isa = PBXFileReference; lastKnownFileType = sourcecode.swift; path = TimeManagement.swift; sourceTree = "<group>"; };
		AA7E2E5D1FC62E8B00E5F320 /* AerialPlayerItem.swift */ = {isa = PBXFileReference; lastKnownFileType = sourcecode.swift; path = AerialPlayerItem.swift; sourceTree = "<group>"; };
		FA143CD61BDA3E880041A82B /* AerialApp.app */ = {isa = PBXFileReference; explicitFileType = wrapper.application; includeInIndex = 0; path = AerialApp.app; sourceTree = BUILT_PRODUCTS_DIR; };
		FA143CE51BDA3EEF0041A82B /* AVKit.framework */ = {isa = PBXFileReference; lastKnownFileType = wrapper.framework; name = AVKit.framework; path = System/Library/Frameworks/AVKit.framework; sourceTree = SDKROOT; };
		FA36BD3E1BE57F8E00D5E03B /* VideoDownload.swift */ = {isa = PBXFileReference; fileEncoding = 4; lastKnownFileType = sourcecode.swift; lineEnding = 0; path = VideoDownload.swift; sourceTree = "<group>"; xcLanguageSpecificationIdentifier = xcode.lang.swift; };
		FA6F81DB1D939455007975FE /* Preferences.swift */ = {isa = PBXFileReference; fileEncoding = 4; lastKnownFileType = sourcecode.swift; path = Preferences.swift; sourceTree = "<group>"; };
		FA71996E1D94EC5A00FBC99B /* Aerial Tests.xctest */ = {isa = PBXFileReference; explicitFileType = wrapper.cfbundle; includeInIndex = 0; path = "Aerial Tests.xctest"; sourceTree = BUILT_PRODUCTS_DIR; };
		FA7199701D94EC5A00FBC99B /* PreferencesTests.swift */ = {isa = PBXFileReference; lastKnownFileType = sourcecode.swift; path = PreferencesTests.swift; sourceTree = "<group>"; };
		FA7199721D94EC5A00FBC99B /* Info.plist */ = {isa = PBXFileReference; lastKnownFileType = text.plist.xml; path = Info.plist; sourceTree = "<group>"; };
		FAB22A7D1BE17D7D0065C0F5 /* AssetLoaderDelegate.swift */ = {isa = PBXFileReference; fileEncoding = 4; lastKnownFileType = sourcecode.swift; lineEnding = 0; path = AssetLoaderDelegate.swift; sourceTree = "<group>"; xcLanguageSpecificationIdentifier = xcode.lang.swift; };
		FAC36F301BE1756D007F2A20 /* AppDelegate.swift */ = {isa = PBXFileReference; fileEncoding = 4; lastKnownFileType = sourcecode.swift; lineEnding = 0; path = AppDelegate.swift; sourceTree = "<group>"; xcLanguageSpecificationIdentifier = xcode.lang.swift; };
		FAC36F321BE1756D007F2A20 /* Assets.xcassets */ = {isa = PBXFileReference; lastKnownFileType = folder.assetcatalog; path = Assets.xcassets; sourceTree = "<group>"; };
		FAC36F341BE1756D007F2A20 /* Base */ = {isa = PBXFileReference; lastKnownFileType = file.xib; name = Base; path = Base.lproj/MainMenu.xib; sourceTree = "<group>"; };
		FAC36F351BE1756D007F2A20 /* Info.plist */ = {isa = PBXFileReference; fileEncoding = 4; lastKnownFileType = text.plist.xml; path = Info.plist; sourceTree = "<group>"; };
		FAC36F371BE1756D007F2A20 /* icon-day.pdf */ = {isa = PBXFileReference; lastKnownFileType = image.pdf; path = "icon-day.pdf"; sourceTree = "<group>"; };
		FAC36F381BE1756D007F2A20 /* icon-night.pdf */ = {isa = PBXFileReference; lastKnownFileType = image.pdf; path = "icon-night.pdf"; sourceTree = "<group>"; };
		FAC36F391BE1756D007F2A20 /* Info.plist */ = {isa = PBXFileReference; fileEncoding = 4; lastKnownFileType = text.plist.xml; path = Info.plist; sourceTree = "<group>"; };
		FAC36F3A1BE1756D007F2A20 /* PreferencesWindow.xib */ = {isa = PBXFileReference; fileEncoding = 4; lastKnownFileType = file.xib; path = PreferencesWindow.xib; sourceTree = "<group>"; };
		FAC36F3B1BE1756D007F2A20 /* thumbnail.png */ = {isa = PBXFileReference; lastKnownFileType = image.png; path = thumbnail.png; sourceTree = "<group>"; };
		FAC36F3E1BE1756D007F2A20 /* PreferencesWindowController.swift */ = {isa = PBXFileReference; fileEncoding = 4; lastKnownFileType = sourcecode.swift; lineEnding = 0; path = PreferencesWindowController.swift; sourceTree = "<group>"; xcLanguageSpecificationIdentifier = xcode.lang.swift; };
		FAC36F401BE1756D007F2A20 /* AerialVideo.swift */ = {isa = PBXFileReference; fileEncoding = 4; lastKnownFileType = sourcecode.swift; lineEnding = 0; path = AerialVideo.swift; sourceTree = "<group>"; xcLanguageSpecificationIdentifier = xcode.lang.swift; };
		FAC36F431BE1756D007F2A20 /* AerialView.swift */ = {isa = PBXFileReference; fileEncoding = 4; lastKnownFileType = sourcecode.swift; lineEnding = 0; path = AerialView.swift; sourceTree = "<group>"; xcLanguageSpecificationIdentifier = xcode.lang.swift; };
		FAC36F441BE1756D007F2A20 /* CheckCellView.swift */ = {isa = PBXFileReference; fileEncoding = 4; lastKnownFileType = sourcecode.swift; lineEnding = 0; path = CheckCellView.swift; sourceTree = "<group>"; xcLanguageSpecificationIdentifier = xcode.lang.swift; };
		FAC36F631BE1772F007F2A20 /* CollectionType+Shuffling.swift */ = {isa = PBXFileReference; fileEncoding = 4; lastKnownFileType = sourcecode.swift; path = "CollectionType+Shuffling.swift"; sourceTree = "<group>"; };
		FAC36F661BE1778C007F2A20 /* ManifestLoader.swift */ = {isa = PBXFileReference; fileEncoding = 4; lastKnownFileType = sourcecode.swift; lineEnding = 0; path = ManifestLoader.swift; sourceTree = "<group>"; xcLanguageSpecificationIdentifier = xcode.lang.swift; };
		FAC36F691BE1780B007F2A20 /* Debug.swift */ = {isa = PBXFileReference; fileEncoding = 4; lastKnownFileType = sourcecode.swift; lineEnding = 0; path = Debug.swift; sourceTree = "<group>"; xcLanguageSpecificationIdentifier = xcode.lang.swift; };
		FACAF1A51BD9FC6000E539DC /* Aerial.saver */ = {isa = PBXFileReference; explicitFileType = wrapper.cfbundle; includeInIndex = 0; path = Aerial.saver; sourceTree = BUILT_PRODUCTS_DIR; };
		FAF450201BE2B45D00C1F98A /* VideoLoader.swift */ = {isa = PBXFileReference; fileEncoding = 4; lastKnownFileType = sourcecode.swift; lineEnding = 0; path = VideoLoader.swift; sourceTree = "<group>"; xcLanguageSpecificationIdentifier = xcode.lang.swift; };
		FAF450231BE2D2FD00C1F98A /* VideoCache.swift */ = {isa = PBXFileReference; fileEncoding = 4; lastKnownFileType = sourcecode.swift; lineEnding = 0; path = VideoCache.swift; sourceTree = "<group>"; xcLanguageSpecificationIdentifier = xcode.lang.swift; };
/* End PBXFileReference section */

/* Begin PBXFrameworksBuildPhase section */
		FA143CD31BDA3E880041A82B /* Frameworks */ = {
			isa = PBXFrameworksBuildPhase;
			buildActionMask = 2147483647;
			files = (
				FA143CE61BDA3EEF0041A82B /* AVKit.framework in Frameworks */,
			);
			runOnlyForDeploymentPostprocessing = 0;
		};
		FA71996B1D94EC5A00FBC99B /* Frameworks */ = {
			isa = PBXFrameworksBuildPhase;
			buildActionMask = 2147483647;
			files = (
			);
			runOnlyForDeploymentPostprocessing = 0;
		};
		FACAF1A11BD9FC6000E539DC /* Frameworks */ = {
			isa = PBXFrameworksBuildPhase;
			buildActionMask = 2147483647;
			files = (
			);
			runOnlyForDeploymentPostprocessing = 0;
		};
/* End PBXFrameworksBuildPhase section */

/* Begin PBXGroup section */
		03E8730D216501B3002B469B /* Downloads */ = {
			isa = PBXGroup;
			children = (
				03E8730B2165013C002B469B /* DownloadManager.swift */,
				03E8730E216501ED002B469B /* AsynchronousOperation.swift */,
			);
			path = Downloads;
			sourceTree = "<group>";
		};
		FA2D7AA01BDD849E009EA54C /* Frameworks */ = {
			isa = PBXGroup;
			children = (
				FA143CE51BDA3EEF0041A82B /* AVKit.framework */,
			);
			name = Frameworks;
			sourceTree = "<group>";
		};
		FA71996F1D94EC5A00FBC99B /* Tests */ = {
			isa = PBXGroup;
			children = (
				FA7199701D94EC5A00FBC99B /* PreferencesTests.swift */,
				FA7199721D94EC5A00FBC99B /* Info.plist */,
			);
			path = Tests;
			sourceTree = "<group>";
		};
		FAC36F2F1BE1756D007F2A20 /* App */ = {
			isa = PBXGroup;
			children = (
				FAC36F301BE1756D007F2A20 /* AppDelegate.swift */,
				FAC36F311BE1756D007F2A20 /* Resources */,
			);
			name = App;
			path = Aerial/App;
			sourceTree = "<group>";
		};
		FAC36F311BE1756D007F2A20 /* Resources */ = {
			isa = PBXGroup;
			children = (
				FAC36F321BE1756D007F2A20 /* Assets.xcassets */,
				FAC36F331BE1756D007F2A20 /* MainMenu.xib */,
				FAC36F351BE1756D007F2A20 /* Info.plist */,
			);
			path = Resources;
			sourceTree = "<group>";
		};
		FAC36F361BE1756D007F2A20 /* Resources */ = {
			isa = PBXGroup;
			children = (
				033D62AA216CADCD00F3AF83 /* icon-day-dark.pdf */,
				FAC36F371BE1756D007F2A20 /* icon-day.pdf */,
				FAC36F381BE1756D007F2A20 /* icon-night.pdf */,
				033D62AE216CAE2C00F3AF83 /* icon-night-dark.pdf */,
				FAC36F391BE1756D007F2A20 /* Info.plist */,
				FAC36F3A1BE1756D007F2A20 /* PreferencesWindow.xib */,
				FAC36F3B1BE1756D007F2A20 /* thumbnail.png */,
			);
			name = Resources;
			path = Aerial/Resources;
			sourceTree = "<group>";
		};
		FAC36F3C1BE1756D007F2A20 /* Source */ = {
			isa = PBXGroup;
			children = (
				FAC36F3D1BE1756D007F2A20 /* Controllers */,
				FAC36F3F1BE1756D007F2A20 /* Models */,
				FAC36F421BE1756D007F2A20 /* Views */,
			);
			name = Source;
			path = Aerial/Source;
			sourceTree = "<group>";
		};
		FAC36F3D1BE1756D007F2A20 /* Controllers */ = {
			isa = PBXGroup;
			children = (
				FAC36F3E1BE1756D007F2A20 /* PreferencesWindowController.swift */,
				FA6F81DB1D939455007975FE /* Preferences.swift */,
			);
			path = Controllers;
			sourceTree = "<group>";
		};
		FAC36F3F1BE1756D007F2A20 /* Models */ = {
			isa = PBXGroup;
			children = (
				03E8730D216501B3002B469B /* Downloads */,
				FAC36F411BE1756D007F2A20 /* Cache */,
				FAC36F621BE17701007F2A20 /* Extensions */,
				FAC36F401BE1756D007F2A20 /* AerialVideo.swift */,
				FAC36F661BE1778C007F2A20 /* ManifestLoader.swift */,
				FAC36F691BE1780B007F2A20 /* Debug.swift */,
				03E8731221675FE0002B469B /* TimeManagement.swift */,
			);
			path = Models;
			sourceTree = "<group>";
		};
		FAC36F411BE1756D007F2A20 /* Cache */ = {
			isa = PBXGroup;
			children = (
				FAB22A7D1BE17D7D0065C0F5 /* AssetLoaderDelegate.swift */,
				FAF450201BE2B45D00C1F98A /* VideoLoader.swift */,
				FAF450231BE2D2FD00C1F98A /* VideoCache.swift */,
				FA36BD3E1BE57F8E00D5E03B /* VideoDownload.swift */,
				03A2CB9B216BA9AF0061E8E8 /* VideoManager.swift */,
				03233B67217272640077D3F9 /* PoiStringProvider.swift */,
			);
			path = Cache;
			sourceTree = "<group>";
		};
		FAC36F421BE1756D007F2A20 /* Views */ = {
			isa = PBXGroup;
			children = (
				FAC36F431BE1756D007F2A20 /* AerialView.swift */,
				FAC36F441BE1756D007F2A20 /* CheckCellView.swift */,
				AA7E2E5D1FC62E8B00E5F320 /* AerialPlayerItem.swift */,
			);
			path = Views;
			sourceTree = "<group>";
		};
		FAC36F621BE17701007F2A20 /* Extensions */ = {
			isa = PBXGroup;
			children = (
				FAC36F631BE1772F007F2A20 /* CollectionType+Shuffling.swift */,
				039385792175D4B80040B850 /* AVPlayerViewExtension.swift */,
			);
			path = Extensions;
			sourceTree = "<group>";
		};
		FACAF19B1BD9FC6000E539DC = {
			isa = PBXGroup;
			children = (
				FAC36F2F1BE1756D007F2A20 /* App */,
				FAC36F361BE1756D007F2A20 /* Resources */,
				FAC36F3C1BE1756D007F2A20 /* Source */,
				FA71996F1D94EC5A00FBC99B /* Tests */,
				FA2D7AA01BDD849E009EA54C /* Frameworks */,
				FACAF1A61BD9FC6000E539DC /* Products */,
			);
			sourceTree = "<group>";
		};
		FACAF1A61BD9FC6000E539DC /* Products */ = {
			isa = PBXGroup;
			children = (
				FACAF1A51BD9FC6000E539DC /* Aerial.saver */,
				FA143CD61BDA3E880041A82B /* AerialApp.app */,
				FA71996E1D94EC5A00FBC99B /* Aerial Tests.xctest */,
			);
			name = Products;
			sourceTree = "<group>";
		};
/* End PBXGroup section */

/* Begin PBXHeadersBuildPhase section */
		FACAF1A21BD9FC6000E539DC /* Headers */ = {
			isa = PBXHeadersBuildPhase;
			buildActionMask = 2147483647;
			files = (
			);
			runOnlyForDeploymentPostprocessing = 0;
		};
/* End PBXHeadersBuildPhase section */

/* Begin PBXNativeTarget section */
		FA143CD51BDA3E880041A82B /* AerialApp */ = {
			isa = PBXNativeTarget;
			buildConfigurationList = FA143CE01BDA3E880041A82B /* Build configuration list for PBXNativeTarget "AerialApp" */;
			buildPhases = (
				FA74B8481D94DCE0004FE056 /* ShellScript */,
				FA143CD21BDA3E880041A82B /* Sources */,
				FA143CD31BDA3E880041A82B /* Frameworks */,
				FA143CD41BDA3E880041A82B /* Resources */,
			);
			buildRules = (
			);
			dependencies = (
			);
			name = AerialApp;
			productName = "Aerial Test";
			productReference = FA143CD61BDA3E880041A82B /* AerialApp.app */;
			productType = "com.apple.product-type.application";
		};
		FA71996D1D94EC5A00FBC99B /* Aerial Tests */ = {
			isa = PBXNativeTarget;
			buildConfigurationList = FA7199751D94EC5A00FBC99B /* Build configuration list for PBXNativeTarget "Aerial Tests" */;
			buildPhases = (
				FA71996A1D94EC5A00FBC99B /* Sources */,
				FA71996B1D94EC5A00FBC99B /* Frameworks */,
				FA71996C1D94EC5A00FBC99B /* Resources */,
			);
			buildRules = (
			);
			dependencies = (
				FA7199741D94EC5A00FBC99B /* PBXTargetDependency */,
			);
			name = "Aerial Tests";
			productName = "Aerial Tests";
			productReference = FA71996E1D94EC5A00FBC99B /* Aerial Tests.xctest */;
			productType = "com.apple.product-type.bundle.unit-test";
		};
		FACAF1A41BD9FC6000E539DC /* Aerial */ = {
			isa = PBXNativeTarget;
			buildConfigurationList = FACAF1AF1BD9FC6000E539DC /* Build configuration list for PBXNativeTarget "Aerial" */;
			buildPhases = (
				FACAF1A01BD9FC6000E539DC /* Sources */,
				FACAF1A11BD9FC6000E539DC /* Frameworks */,
				FACAF1A21BD9FC6000E539DC /* Headers */,
				FACAF1A31BD9FC6000E539DC /* Resources */,
			);
			buildRules = (
			);
			dependencies = (
			);
			name = Aerial;
			productName = Aerial;
			productReference = FACAF1A51BD9FC6000E539DC /* Aerial.saver */;
			productType = "com.apple.product-type.bundle";
		};
/* End PBXNativeTarget section */

/* Begin PBXProject section */
		FACAF19C1BD9FC6000E539DC /* Project object */ = {
			isa = PBXProject;
			attributes = {
				LastSwiftUpdateCheck = 0800;
				LastUpgradeCheck = 1000;
				ORGANIZATIONNAME = "John Coates";
				TargetAttributes = {
					FA143CD51BDA3E880041A82B = {
						CreatedOnToolsVersion = 7.0;
						LastSwiftMigration = 1000;
					};
					FA71996D1D94EC5A00FBC99B = {
						CreatedOnToolsVersion = 8.0;
						LastSwiftMigration = 1000;
						ProvisioningStyle = Automatic;
						TestTargetID = FA143CD51BDA3E880041A82B;
					};
					FACAF1A41BD9FC6000E539DC = {
						CreatedOnToolsVersion = 7.0;
						LastSwiftMigration = 0800;
					};
				};
			};
			buildConfigurationList = FACAF19F1BD9FC6000E539DC /* Build configuration list for PBXProject "Aerial" */;
			compatibilityVersion = "Xcode 3.2";
			developmentRegion = English;
			hasScannedForEncodings = 0;
			knownRegions = (
				en,
				Base,
			);
			mainGroup = FACAF19B1BD9FC6000E539DC;
			productRefGroup = FACAF1A61BD9FC6000E539DC /* Products */;
			projectDirPath = "";
			projectRoot = "";
			targets = (
				FACAF1A41BD9FC6000E539DC /* Aerial */,
				FA143CD51BDA3E880041A82B /* AerialApp */,
				FA71996D1D94EC5A00FBC99B /* Aerial Tests */,
			);
		};
/* End PBXProject section */

/* Begin PBXResourcesBuildPhase section */
		FA143CD41BDA3E880041A82B /* Resources */ = {
			isa = PBXResourcesBuildPhase;
			buildActionMask = 2147483647;
			files = (
				FAC36F541BE1756D007F2A20 /* PreferencesWindow.xib in Resources */,
				FAC36F4E1BE1756D007F2A20 /* icon-day.pdf in Resources */,
				033D62B0216CAE2C00F3AF83 /* icon-night-dark.pdf in Resources */,
				FAC36F481BE1756D007F2A20 /* Assets.xcassets in Resources */,
				FAC36F561BE1756D007F2A20 /* thumbnail.png in Resources */,
				033D62AC216CADCD00F3AF83 /* icon-day-dark.pdf in Resources */,
				FAC36F4A1BE1756D007F2A20 /* MainMenu.xib in Resources */,
				FAC36F501BE1756D007F2A20 /* icon-night.pdf in Resources */,
			);
			runOnlyForDeploymentPostprocessing = 0;
		};
		FA71996C1D94EC5A00FBC99B /* Resources */ = {
			isa = PBXResourcesBuildPhase;
			buildActionMask = 2147483647;
			files = (
				033D62B1216CAE2C00F3AF83 /* icon-night-dark.pdf in Resources */,
				033D62AD216CADCD00F3AF83 /* icon-day-dark.pdf in Resources */,
			);
			runOnlyForDeploymentPostprocessing = 0;
		};
		FACAF1A31BD9FC6000E539DC /* Resources */ = {
			isa = PBXResourcesBuildPhase;
			buildActionMask = 2147483647;
			files = (
				FAC36F531BE1756D007F2A20 /* PreferencesWindow.xib in Resources */,
				FAC36F4D1BE1756D007F2A20 /* icon-day.pdf in Resources */,
				033D62AB216CADCD00F3AF83 /* icon-day-dark.pdf in Resources */,
				FAC36F551BE1756D007F2A20 /* thumbnail.png in Resources */,
				033D62AF216CAE2C00F3AF83 /* icon-night-dark.pdf in Resources */,
				FAC36F4F1BE1756D007F2A20 /* icon-night.pdf in Resources */,
			);
			runOnlyForDeploymentPostprocessing = 0;
		};
/* End PBXResourcesBuildPhase section */

/* Begin PBXShellScriptBuildPhase section */
		FA74B8481D94DCE0004FE056 /* ShellScript */ = {
			isa = PBXShellScriptBuildPhase;
			buildActionMask = 2147483647;
			files = (
			);
			inputPaths = (
			);
			outputPaths = (
			);
			runOnlyForDeploymentPostprocessing = 0;
			shellPath = /bin/sh;
			shellScript = "";
		};
/* End PBXShellScriptBuildPhase section */

/* Begin PBXSourcesBuildPhase section */
		FA143CD21BDA3E880041A82B /* Sources */ = {
			isa = PBXSourcesBuildPhase;
			buildActionMask = 2147483647;
			files = (
				03233B692172762C0077D3F9 /* PoiStringProvider.swift in Sources */,
				03A2CB9D216BB1490061E8E8 /* VideoManager.swift in Sources */,
				03E87314216760B7002B469B /* TimeManagement.swift in Sources */,
				03E8731021662AEB002B469B /* DownloadManager.swift in Sources */,
				03E8731121662AEB002B469B /* AsynchronousOperation.swift in Sources */,
				030D9B7C21551A8D00961E95 /* AerialPlayerItem.swift in Sources */,
				FAC36F651BE1772F007F2A20 /* CollectionType+Shuffling.swift in Sources */,
				FAC36F5E1BE1756D007F2A20 /* CheckCellView.swift in Sources */,
				FAC36F5C1BE1756D007F2A20 /* AerialView.swift in Sources */,
				FAC36F681BE1778C007F2A20 /* ManifestLoader.swift in Sources */,
				FAC36F581BE1756D007F2A20 /* PreferencesWindowController.swift in Sources */,
				FAC36F6B1BE1780B007F2A20 /* Debug.swift in Sources */,
				FAB22A7F1BE17D7D0065C0F5 /* AssetLoaderDelegate.swift in Sources */,
				FAC36F601BE175CF007F2A20 /* AppDelegate.swift in Sources */,
				FA36BD401BE57F8E00D5E03B /* VideoDownload.swift in Sources */,
				FA6F81DD1D939455007975FE /* Preferences.swift in Sources */,
				FAF450221BE2B45D00C1F98A /* VideoLoader.swift in Sources */,
				FAC36F5A1BE1756D007F2A20 /* AerialVideo.swift in Sources */,
				0393857B2175D4B80040B850 /* AVPlayerViewExtension.swift in Sources */,
				FAF450251BE2D2FD00C1F98A /* VideoCache.swift in Sources */,
			);
			runOnlyForDeploymentPostprocessing = 0;
		};
		FA71996A1D94EC5A00FBC99B /* Sources */ = {
			isa = PBXSourcesBuildPhase;
			buildActionMask = 2147483647;
			files = (
				0393857C2175D4B80040B850 /* AVPlayerViewExtension.swift in Sources */,
				FA7199711D94EC5A00FBC99B /* PreferencesTests.swift in Sources */,
			);
			runOnlyForDeploymentPostprocessing = 0;
		};
		FACAF1A01BD9FC6000E539DC /* Sources */ = {
			isa = PBXSourcesBuildPhase;
			buildActionMask = 2147483647;
			files = (
				FAC36F5D1BE1756D007F2A20 /* CheckCellView.swift in Sources */,
				FAC36F5B1BE1756D007F2A20 /* AerialView.swift in Sources */,
				0393857A2175D4B80040B850 /* AVPlayerViewExtension.swift in Sources */,
				03E8730F216501ED002B469B /* AsynchronousOperation.swift in Sources */,
				FA6F81DC1D939455007975FE /* Preferences.swift in Sources */,
				FAF450241BE2D2FD00C1F98A /* VideoCache.swift in Sources */,
				FAC36F571BE1756D007F2A20 /* PreferencesWindowController.swift in Sources */,
				FAC36F671BE1778C007F2A20 /* ManifestLoader.swift in Sources */,
				FAC36F591BE1756D007F2A20 /* AerialVideo.swift in Sources */,
				AA7E2E5E1FC62E8B00E5F320 /* AerialPlayerItem.swift in Sources */,
				03A2CB9C216BA9AF0061E8E8 /* VideoManager.swift in Sources */,
				FAF450211BE2B45D00C1F98A /* VideoLoader.swift in Sources */,
				FAC36F6A1BE1780B007F2A20 /* Debug.swift in Sources */,
				03E8731321675FE0002B469B /* TimeManagement.swift in Sources */,
				FAB22A7E1BE17D7D0065C0F5 /* AssetLoaderDelegate.swift in Sources */,
				03233B68217272640077D3F9 /* PoiStringProvider.swift in Sources */,
				FA36BD3F1BE57F8E00D5E03B /* VideoDownload.swift in Sources */,
				FAC36F641BE1772F007F2A20 /* CollectionType+Shuffling.swift in Sources */,
				03E8730C2165013C002B469B /* DownloadManager.swift in Sources */,
			);
			runOnlyForDeploymentPostprocessing = 0;
		};
/* End PBXSourcesBuildPhase section */

/* Begin PBXTargetDependency section */
		FA7199741D94EC5A00FBC99B /* PBXTargetDependency */ = {
			isa = PBXTargetDependency;
			target = FA143CD51BDA3E880041A82B /* AerialApp */;
			targetProxy = FA7199731D94EC5A00FBC99B /* PBXContainerItemProxy */;
		};
/* End PBXTargetDependency section */

/* Begin PBXVariantGroup section */
		FAC36F331BE1756D007F2A20 /* MainMenu.xib */ = {
			isa = PBXVariantGroup;
			children = (
				FAC36F341BE1756D007F2A20 /* Base */,
			);
			name = MainMenu.xib;
			sourceTree = "<group>";
		};
/* End PBXVariantGroup section */

/* Begin XCBuildConfiguration section */
		FA143CE11BDA3E880041A82B /* Debug */ = {
			isa = XCBuildConfiguration;
			buildSettings = {
				ASSETCATALOG_COMPILER_APPICON_NAME = AppIcon;
				CODE_SIGN_IDENTITY = "";
				COMBINE_HIDPI_IMAGES = YES;
				ENABLE_TESTABILITY = YES;
				INFOPLIST_FILE = Aerial/App/Resources/Info.plist;
				LD_RUNPATH_SEARCH_PATHS = "$(inherited) @executable_path/../Frameworks";
				MACOSX_DEPLOYMENT_TARGET = 10.9;
				PRODUCT_BUNDLE_IDENTIFIER = "com.johncoates.Aerial-Test";
				PRODUCT_NAME = "$(TARGET_NAME)";
				SWIFT_OPTIMIZATION_LEVEL = "-Onone";
				SWIFT_SWIFT3_OBJC_INFERENCE = On;
				SWIFT_VERSION = 4.2;
			};
			name = Debug;
		};
		FA143CE21BDA3E880041A82B /* Release */ = {
			isa = XCBuildConfiguration;
			buildSettings = {
				ASSETCATALOG_COMPILER_APPICON_NAME = AppIcon;
				CODE_SIGN_IDENTITY = "";
				COMBINE_HIDPI_IMAGES = YES;
				ENABLE_TESTABILITY = YES;
				INFOPLIST_FILE = Aerial/App/Resources/Info.plist;
				LD_RUNPATH_SEARCH_PATHS = "$(inherited) @executable_path/../Frameworks";
				MACOSX_DEPLOYMENT_TARGET = 10.9;
				PRODUCT_BUNDLE_IDENTIFIER = "com.johncoates.Aerial-Test";
				PRODUCT_NAME = "$(TARGET_NAME)";
				SWIFT_COMPILATION_MODE = singlefile;
				SWIFT_SWIFT3_OBJC_INFERENCE = On;
				SWIFT_VERSION = 4.2;
			};
			name = Release;
		};
		FA7199761D94EC5A00FBC99B /* Debug */ = {
			isa = XCBuildConfiguration;
			buildSettings = {
				BUNDLE_LOADER = "$(TEST_HOST)";
				CLANG_ANALYZER_NONNULL = YES;
				CLANG_WARN_DOCUMENTATION_COMMENTS = YES;
				CLANG_WARN_SUSPICIOUS_MOVES = YES;
				CODE_SIGN_IDENTITY = "";
				COMBINE_HIDPI_IMAGES = YES;
				INFOPLIST_FILE = Tests/Info.plist;
				LD_RUNPATH_SEARCH_PATHS = "$(inherited) @executable_path/../Frameworks @loader_path/../Frameworks";
				MACOSX_DEPLOYMENT_TARGET = 10.12;
				PRODUCT_BUNDLE_IDENTIFIER = "com.johncoates.Aerial-Tests";
				PRODUCT_NAME = "$(TARGET_NAME)";
				SWIFT_ACTIVE_COMPILATION_CONDITIONS = DEBUG;
				SWIFT_OPTIMIZATION_LEVEL = "-Onone";
				SWIFT_SWIFT3_OBJC_INFERENCE = On;
				SWIFT_VERSION = 4.2;
				TEST_HOST = "$(BUILT_PRODUCTS_DIR)/AerialApp.app/Contents/MacOS/AerialApp";
			};
			name = Debug;
		};
		FA7199771D94EC5A00FBC99B /* Release */ = {
			isa = XCBuildConfiguration;
			buildSettings = {
				BUNDLE_LOADER = "$(TEST_HOST)";
				CLANG_ANALYZER_NONNULL = YES;
				CLANG_WARN_DOCUMENTATION_COMMENTS = YES;
				CLANG_WARN_SUSPICIOUS_MOVES = YES;
				CODE_SIGN_IDENTITY = "";
				COMBINE_HIDPI_IMAGES = YES;
				INFOPLIST_FILE = Tests/Info.plist;
				LD_RUNPATH_SEARCH_PATHS = "$(inherited) @executable_path/../Frameworks @loader_path/../Frameworks";
				MACOSX_DEPLOYMENT_TARGET = 10.12;
				PRODUCT_BUNDLE_IDENTIFIER = "com.johncoates.Aerial-Tests";
				PRODUCT_NAME = "$(TARGET_NAME)";
				SWIFT_SWIFT3_OBJC_INFERENCE = On;
				SWIFT_VERSION = 4.2;
				TEST_HOST = "$(BUILT_PRODUCTS_DIR)/AerialApp.app/Contents/MacOS/AerialApp";
			};
			name = Release;
		};
		FACAF1AD1BD9FC6000E539DC /* Debug */ = {
			isa = XCBuildConfiguration;
			buildSettings = {
				ALWAYS_SEARCH_USER_PATHS = NO;
				CLANG_CXX_LANGUAGE_STANDARD = "gnu++0x";
				CLANG_CXX_LIBRARY = "libc++";
				CLANG_ENABLE_MODULES = YES;
				CLANG_ENABLE_OBJC_ARC = YES;
				CLANG_WARN_BLOCK_CAPTURE_AUTORELEASING = YES;
				CLANG_WARN_BOOL_CONVERSION = YES;
				CLANG_WARN_COMMA = YES;
				CLANG_WARN_CONSTANT_CONVERSION = YES;
				CLANG_WARN_DEPRECATED_OBJC_IMPLEMENTATIONS = YES;
				CLANG_WARN_DIRECT_OBJC_ISA_USAGE = YES_ERROR;
				CLANG_WARN_EMPTY_BODY = YES;
				CLANG_WARN_ENUM_CONVERSION = YES;
				CLANG_WARN_INFINITE_RECURSION = YES;
				CLANG_WARN_INT_CONVERSION = YES;
				CLANG_WARN_NON_LITERAL_NULL_CONVERSION = YES;
				CLANG_WARN_OBJC_IMPLICIT_RETAIN_SELF = YES;
				CLANG_WARN_OBJC_LITERAL_CONVERSION = YES;
				CLANG_WARN_OBJC_ROOT_CLASS = YES_ERROR;
				CLANG_WARN_RANGE_LOOP_ANALYSIS = YES;
				CLANG_WARN_STRICT_PROTOTYPES = YES;
				CLANG_WARN_SUSPICIOUS_MOVE = YES;
				CLANG_WARN_UNREACHABLE_CODE = YES;
				CLANG_WARN__DUPLICATE_METHOD_MATCH = YES;
				COPY_PHASE_STRIP = NO;
				DEBUG_INFORMATION_FORMAT = dwarf;
				ENABLE_STRICT_OBJC_MSGSEND = YES;
				ENABLE_TESTABILITY = YES;
				GCC_C_LANGUAGE_STANDARD = gnu99;
				GCC_DYNAMIC_NO_PIC = NO;
				GCC_NO_COMMON_BLOCKS = YES;
				GCC_OPTIMIZATION_LEVEL = 0;
				GCC_PREPROCESSOR_DEFINITIONS = (
					"DEBUG=1",
					"$(inherited)",
				);
				GCC_WARN_64_TO_32_BIT_CONVERSION = YES;
				GCC_WARN_ABOUT_RETURN_TYPE = YES_ERROR;
				GCC_WARN_UNDECLARED_SELECTOR = YES;
				GCC_WARN_UNINITIALIZED_AUTOS = YES_AGGRESSIVE;
				GCC_WARN_UNUSED_FUNCTION = YES;
				GCC_WARN_UNUSED_VARIABLE = YES;
				MACOSX_DEPLOYMENT_TARGET = 10.9;
				MTL_ENABLE_DEBUG_INFO = YES;
				ONLY_ACTIVE_ARCH = YES;
				OTHER_SWIFT_FLAGS = "-D DEBUG";
				SDKROOT = macosx;
				SWIFT_VERSION = 4.2;
			};
			name = Debug;
		};
		FACAF1AE1BD9FC6000E539DC /* Release */ = {
			isa = XCBuildConfiguration;
			buildSettings = {
				ALWAYS_SEARCH_USER_PATHS = NO;
				CLANG_CXX_LANGUAGE_STANDARD = "gnu++0x";
				CLANG_CXX_LIBRARY = "libc++";
				CLANG_ENABLE_MODULES = YES;
				CLANG_ENABLE_OBJC_ARC = YES;
				CLANG_WARN_BLOCK_CAPTURE_AUTORELEASING = YES;
				CLANG_WARN_BOOL_CONVERSION = YES;
				CLANG_WARN_COMMA = YES;
				CLANG_WARN_CONSTANT_CONVERSION = YES;
				CLANG_WARN_DEPRECATED_OBJC_IMPLEMENTATIONS = YES;
				CLANG_WARN_DIRECT_OBJC_ISA_USAGE = YES_ERROR;
				CLANG_WARN_EMPTY_BODY = YES;
				CLANG_WARN_ENUM_CONVERSION = YES;
				CLANG_WARN_INFINITE_RECURSION = YES;
				CLANG_WARN_INT_CONVERSION = YES;
				CLANG_WARN_NON_LITERAL_NULL_CONVERSION = YES;
				CLANG_WARN_OBJC_IMPLICIT_RETAIN_SELF = YES;
				CLANG_WARN_OBJC_LITERAL_CONVERSION = YES;
				CLANG_WARN_OBJC_ROOT_CLASS = YES_ERROR;
				CLANG_WARN_RANGE_LOOP_ANALYSIS = YES;
				CLANG_WARN_STRICT_PROTOTYPES = YES;
				CLANG_WARN_SUSPICIOUS_MOVE = YES;
				CLANG_WARN_UNREACHABLE_CODE = YES;
				CLANG_WARN__DUPLICATE_METHOD_MATCH = YES;
				COPY_PHASE_STRIP = NO;
				DEBUG_INFORMATION_FORMAT = "dwarf-with-dsym";
				ENABLE_NS_ASSERTIONS = NO;
				ENABLE_STRICT_OBJC_MSGSEND = YES;
				GCC_C_LANGUAGE_STANDARD = gnu99;
				GCC_NO_COMMON_BLOCKS = YES;
				GCC_WARN_64_TO_32_BIT_CONVERSION = YES;
				GCC_WARN_ABOUT_RETURN_TYPE = YES_ERROR;
				GCC_WARN_UNDECLARED_SELECTOR = YES;
				GCC_WARN_UNINITIALIZED_AUTOS = YES_AGGRESSIVE;
				GCC_WARN_UNUSED_FUNCTION = YES;
				GCC_WARN_UNUSED_VARIABLE = YES;
				MACOSX_DEPLOYMENT_TARGET = 10.9;
				MTL_ENABLE_DEBUG_INFO = NO;
				SDKROOT = macosx;
				SWIFT_OPTIMIZATION_LEVEL = "-Owholemodule";
				SWIFT_VERSION = 4.2;
			};
			name = Release;
		};
		FACAF1B01BD9FC6000E539DC /* Debug */ = {
			isa = XCBuildConfiguration;
			buildSettings = {
				ALWAYS_EMBED_SWIFT_STANDARD_LIBRARIES = YES;
				CLANG_ENABLE_MODULES = YES;
				COMBINE_HIDPI_IMAGES = YES;
				DEFINES_MODULE = YES;
				INFOPLIST_FILE = Aerial/Resources/Info.plist;
				INSTALL_PATH = "$(HOME)/Library/Screen Savers";
				LD_RUNPATH_SEARCH_PATHS = "$(inherited) @executable_path/../Frameworks @loader_path/../Frameworks";
				PRODUCT_BUNDLE_IDENTIFIER = com.johncoates.Aerial;
				PRODUCT_NAME = "$(TARGET_NAME)";
				SWIFT_OPTIMIZATION_LEVEL = "-Onone";
				SWIFT_VERSION = 4.2;
				WRAPPER_EXTENSION = saver;
			};
			name = Debug;
		};
		FACAF1B11BD9FC6000E539DC /* Release */ = {
			isa = XCBuildConfiguration;
			buildSettings = {
				ALWAYS_EMBED_SWIFT_STANDARD_LIBRARIES = YES;
				CLANG_ENABLE_MODULES = YES;
				COMBINE_HIDPI_IMAGES = YES;
				DEFINES_MODULE = YES;
				INFOPLIST_FILE = Aerial/Resources/Info.plist;
				INSTALL_PATH = "$(HOME)/Library/Screen Savers";
				LD_RUNPATH_SEARCH_PATHS = "$(inherited) @executable_path/../Frameworks @loader_path/../Frameworks";
				PRODUCT_BUNDLE_IDENTIFIER = com.johncoates.Aerial;
				PRODUCT_NAME = "$(TARGET_NAME)";
				SWIFT_VERSION = 4.2;
				WRAPPER_EXTENSION = saver;
			};
			name = Release;
		};
/* End XCBuildConfiguration section */

/* Begin XCConfigurationList section */
		FA143CE01BDA3E880041A82B /* Build configuration list for PBXNativeTarget "AerialApp" */ = {
			isa = XCConfigurationList;
			buildConfigurations = (
				FA143CE11BDA3E880041A82B /* Debug */,
				FA143CE21BDA3E880041A82B /* Release */,
			);
			defaultConfigurationIsVisible = 0;
			defaultConfigurationName = Release;
		};
		FA7199751D94EC5A00FBC99B /* Build configuration list for PBXNativeTarget "Aerial Tests" */ = {
			isa = XCConfigurationList;
			buildConfigurations = (
				FA7199761D94EC5A00FBC99B /* Debug */,
				FA7199771D94EC5A00FBC99B /* Release */,
			);
			defaultConfigurationIsVisible = 0;
			defaultConfigurationName = Release;
		};
		FACAF19F1BD9FC6000E539DC /* Build configuration list for PBXProject "Aerial" */ = {
			isa = XCConfigurationList;
			buildConfigurations = (
				FACAF1AD1BD9FC6000E539DC /* Debug */,
				FACAF1AE1BD9FC6000E539DC /* Release */,
			);
			defaultConfigurationIsVisible = 0;
			defaultConfigurationName = Release;
		};
		FACAF1AF1BD9FC6000E539DC /* Build configuration list for PBXNativeTarget "Aerial" */ = {
			isa = XCConfigurationList;
			buildConfigurations = (
				FACAF1B01BD9FC6000E539DC /* Debug */,
				FACAF1B11BD9FC6000E539DC /* Release */,
			);
			defaultConfigurationIsVisible = 0;
			defaultConfigurationName = Release;
		};
/* End XCConfigurationList section */
	};
	rootObject = FACAF19C1BD9FC6000E539DC /* Project object */;
}
