// !$*UTF8*$!
{
	archiveVersion = 1;
	classes = {
	};
	objectVersion = 46;
	objects = {

/* Begin PBXBuildFile section */
		FA143CE61BDA3EEF0041A82B /* AVKit.framework in Frameworks */ = {isa = PBXBuildFile; fileRef = FA143CE51BDA3EEF0041A82B /* AVKit.framework */; };
		FA36BD3F1BE57F8E00D5E03B /* VideoDownload.swift in Sources */ = {isa = PBXBuildFile; fileRef = FA36BD3E1BE57F8E00D5E03B /* VideoDownload.swift */; };
		FA36BD401BE57F8E00D5E03B /* VideoDownload.swift in Sources */ = {isa = PBXBuildFile; fileRef = FA36BD3E1BE57F8E00D5E03B /* VideoDownload.swift */; };
		FAB22A7E1BE17D7D0065C0F5 /* AssetLoaderDelegate.swift in Sources */ = {isa = PBXBuildFile; fileRef = FAB22A7D1BE17D7D0065C0F5 /* AssetLoaderDelegate.swift */; };
		FAB22A7F1BE17D7D0065C0F5 /* AssetLoaderDelegate.swift in Sources */ = {isa = PBXBuildFile; fileRef = FAB22A7D1BE17D7D0065C0F5 /* AssetLoaderDelegate.swift */; };
		FAC36F481BE1756D007F2A20 /* Assets.xcassets in Resources */ = {isa = PBXBuildFile; fileRef = FAC36F321BE1756D007F2A20 /* Assets.xcassets */; };
		FAC36F4A1BE1756D007F2A20 /* MainMenu.xib in Resources */ = {isa = PBXBuildFile; fileRef = FAC36F331BE1756D007F2A20 /* MainMenu.xib */; };
		FAC36F4D1BE1756D007F2A20 /* icon-day.pdf in Resources */ = {isa = PBXBuildFile; fileRef = FAC36F371BE1756D007F2A20 /* icon-day.pdf */; };
		FAC36F4E1BE1756D007F2A20 /* icon-day.pdf in Resources */ = {isa = PBXBuildFile; fileRef = FAC36F371BE1756D007F2A20 /* icon-day.pdf */; };
		FAC36F4F1BE1756D007F2A20 /* icon-night.pdf in Resources */ = {isa = PBXBuildFile; fileRef = FAC36F381BE1756D007F2A20 /* icon-night.pdf */; };
		FAC36F501BE1756D007F2A20 /* icon-night.pdf in Resources */ = {isa = PBXBuildFile; fileRef = FAC36F381BE1756D007F2A20 /* icon-night.pdf */; };
		FAC36F531BE1756D007F2A20 /* PreferencesWindow.xib in Resources */ = {isa = PBXBuildFile; fileRef = FAC36F3A1BE1756D007F2A20 /* PreferencesWindow.xib */; };
		FAC36F541BE1756D007F2A20 /* PreferencesWindow.xib in Resources */ = {isa = PBXBuildFile; fileRef = FAC36F3A1BE1756D007F2A20 /* PreferencesWindow.xib */; };
		FAC36F551BE1756D007F2A20 /* thumbnail.png in Resources */ = {isa = PBXBuildFile; fileRef = FAC36F3B1BE1756D007F2A20 /* thumbnail.png */; };
		FAC36F561BE1756D007F2A20 /* thumbnail.png in Resources */ = {isa = PBXBuildFile; fileRef = FAC36F3B1BE1756D007F2A20 /* thumbnail.png */; };
		FAC36F571BE1756D007F2A20 /* PreferencesWindowController.swift in Sources */ = {isa = PBXBuildFile; fileRef = FAC36F3E1BE1756D007F2A20 /* PreferencesWindowController.swift */; };
		FAC36F581BE1756D007F2A20 /* PreferencesWindowController.swift in Sources */ = {isa = PBXBuildFile; fileRef = FAC36F3E1BE1756D007F2A20 /* PreferencesWindowController.swift */; };
		FAC36F591BE1756D007F2A20 /* AerialVideo.swift in Sources */ = {isa = PBXBuildFile; fileRef = FAC36F401BE1756D007F2A20 /* AerialVideo.swift */; };
		FAC36F5A1BE1756D007F2A20 /* AerialVideo.swift in Sources */ = {isa = PBXBuildFile; fileRef = FAC36F401BE1756D007F2A20 /* AerialVideo.swift */; };
		FAC36F5B1BE1756D007F2A20 /* AerialView.swift in Sources */ = {isa = PBXBuildFile; fileRef = FAC36F431BE1756D007F2A20 /* AerialView.swift */; };
		FAC36F5C1BE1756D007F2A20 /* AerialView.swift in Sources */ = {isa = PBXBuildFile; fileRef = FAC36F431BE1756D007F2A20 /* AerialView.swift */; };
		FAC36F5D1BE1756D007F2A20 /* CheckCellView.swift in Sources */ = {isa = PBXBuildFile; fileRef = FAC36F441BE1756D007F2A20 /* CheckCellView.swift */; };
		FAC36F5E1BE1756D007F2A20 /* CheckCellView.swift in Sources */ = {isa = PBXBuildFile; fileRef = FAC36F441BE1756D007F2A20 /* CheckCellView.swift */; };
		FAC36F601BE175CF007F2A20 /* AppDelegate.swift in Sources */ = {isa = PBXBuildFile; fileRef = FAC36F301BE1756D007F2A20 /* AppDelegate.swift */; };
		FAC36F641BE1772F007F2A20 /* CollectionType+Shuffling.swift in Sources */ = {isa = PBXBuildFile; fileRef = FAC36F631BE1772F007F2A20 /* CollectionType+Shuffling.swift */; };
		FAC36F651BE1772F007F2A20 /* CollectionType+Shuffling.swift in Sources */ = {isa = PBXBuildFile; fileRef = FAC36F631BE1772F007F2A20 /* CollectionType+Shuffling.swift */; };
		FAC36F671BE1778C007F2A20 /* ManifestLoader.swift in Sources */ = {isa = PBXBuildFile; fileRef = FAC36F661BE1778C007F2A20 /* ManifestLoader.swift */; };
		FAC36F681BE1778C007F2A20 /* ManifestLoader.swift in Sources */ = {isa = PBXBuildFile; fileRef = FAC36F661BE1778C007F2A20 /* ManifestLoader.swift */; };
		FAC36F6A1BE1780B007F2A20 /* Debug.swift in Sources */ = {isa = PBXBuildFile; fileRef = FAC36F691BE1780B007F2A20 /* Debug.swift */; };
		FAC36F6B1BE1780B007F2A20 /* Debug.swift in Sources */ = {isa = PBXBuildFile; fileRef = FAC36F691BE1780B007F2A20 /* Debug.swift */; };
		FAF450211BE2B45D00C1F98A /* VideoLoader.swift in Sources */ = {isa = PBXBuildFile; fileRef = FAF450201BE2B45D00C1F98A /* VideoLoader.swift */; };
		FAF450221BE2B45D00C1F98A /* VideoLoader.swift in Sources */ = {isa = PBXBuildFile; fileRef = FAF450201BE2B45D00C1F98A /* VideoLoader.swift */; };
		FAF450241BE2D2FD00C1F98A /* VideoCache.swift in Sources */ = {isa = PBXBuildFile; fileRef = FAF450231BE2D2FD00C1F98A /* VideoCache.swift */; };
		FAF450251BE2D2FD00C1F98A /* VideoCache.swift in Sources */ = {isa = PBXBuildFile; fileRef = FAF450231BE2D2FD00C1F98A /* VideoCache.swift */; };
/* End PBXBuildFile section */

/* Begin PBXFileReference section */
		FA143CD61BDA3E880041A82B /* Aerial Test.app */ = {isa = PBXFileReference; explicitFileType = wrapper.application; includeInIndex = 0; path = "Aerial Test.app"; sourceTree = BUILT_PRODUCTS_DIR; };
		FA143CE51BDA3EEF0041A82B /* AVKit.framework */ = {isa = PBXFileReference; lastKnownFileType = wrapper.framework; name = AVKit.framework; path = System/Library/Frameworks/AVKit.framework; sourceTree = SDKROOT; };
		FA36BD3E1BE57F8E00D5E03B /* VideoDownload.swift */ = {isa = PBXFileReference; fileEncoding = 4; lastKnownFileType = sourcecode.swift; path = VideoDownload.swift; sourceTree = "<group>"; };
		FAB22A7D1BE17D7D0065C0F5 /* AssetLoaderDelegate.swift */ = {isa = PBXFileReference; fileEncoding = 4; lastKnownFileType = sourcecode.swift; path = AssetLoaderDelegate.swift; sourceTree = "<group>"; };
		FAC36F301BE1756D007F2A20 /* AppDelegate.swift */ = {isa = PBXFileReference; fileEncoding = 4; lastKnownFileType = sourcecode.swift; path = AppDelegate.swift; sourceTree = "<group>"; };
		FAC36F321BE1756D007F2A20 /* Assets.xcassets */ = {isa = PBXFileReference; lastKnownFileType = folder.assetcatalog; path = Assets.xcassets; sourceTree = "<group>"; };
		FAC36F341BE1756D007F2A20 /* Base */ = {isa = PBXFileReference; lastKnownFileType = file.xib; name = Base; path = Base.lproj/MainMenu.xib; sourceTree = "<group>"; };
		FAC36F351BE1756D007F2A20 /* Info.plist */ = {isa = PBXFileReference; fileEncoding = 4; lastKnownFileType = text.plist.xml; path = Info.plist; sourceTree = "<group>"; };
		FAC36F371BE1756D007F2A20 /* icon-day.pdf */ = {isa = PBXFileReference; lastKnownFileType = image.pdf; path = "icon-day.pdf"; sourceTree = "<group>"; };
		FAC36F381BE1756D007F2A20 /* icon-night.pdf */ = {isa = PBXFileReference; lastKnownFileType = image.pdf; path = "icon-night.pdf"; sourceTree = "<group>"; };
		FAC36F391BE1756D007F2A20 /* Info.plist */ = {isa = PBXFileReference; fileEncoding = 4; lastKnownFileType = text.plist.xml; path = Info.plist; sourceTree = "<group>"; };
		FAC36F3A1BE1756D007F2A20 /* PreferencesWindow.xib */ = {isa = PBXFileReference; fileEncoding = 4; lastKnownFileType = file.xib; path = PreferencesWindow.xib; sourceTree = "<group>"; };
		FAC36F3B1BE1756D007F2A20 /* thumbnail.png */ = {isa = PBXFileReference; lastKnownFileType = image.png; path = thumbnail.png; sourceTree = "<group>"; };
		FAC36F3E1BE1756D007F2A20 /* PreferencesWindowController.swift */ = {isa = PBXFileReference; fileEncoding = 4; lastKnownFileType = sourcecode.swift; path = PreferencesWindowController.swift; sourceTree = "<group>"; };
		FAC36F401BE1756D007F2A20 /* AerialVideo.swift */ = {isa = PBXFileReference; fileEncoding = 4; lastKnownFileType = sourcecode.swift; path = AerialVideo.swift; sourceTree = "<group>"; };
		FAC36F431BE1756D007F2A20 /* AerialView.swift */ = {isa = PBXFileReference; fileEncoding = 4; lastKnownFileType = sourcecode.swift; path = AerialView.swift; sourceTree = "<group>"; };
		FAC36F441BE1756D007F2A20 /* CheckCellView.swift */ = {isa = PBXFileReference; fileEncoding = 4; lastKnownFileType = sourcecode.swift; path = CheckCellView.swift; sourceTree = "<group>"; };
		FAC36F631BE1772F007F2A20 /* CollectionType+Shuffling.swift */ = {isa = PBXFileReference; fileEncoding = 4; lastKnownFileType = sourcecode.swift; path = "CollectionType+Shuffling.swift"; sourceTree = "<group>"; };
		FAC36F661BE1778C007F2A20 /* ManifestLoader.swift */ = {isa = PBXFileReference; fileEncoding = 4; lastKnownFileType = sourcecode.swift; path = ManifestLoader.swift; sourceTree = "<group>"; };
		FAC36F691BE1780B007F2A20 /* Debug.swift */ = {isa = PBXFileReference; fileEncoding = 4; lastKnownFileType = sourcecode.swift; path = Debug.swift; sourceTree = "<group>"; };
		FACAF1A51BD9FC6000E539DC /* Aerial.saver */ = {isa = PBXFileReference; explicitFileType = wrapper.cfbundle; includeInIndex = 0; path = Aerial.saver; sourceTree = BUILT_PRODUCTS_DIR; };
		FAF450201BE2B45D00C1F98A /* VideoLoader.swift */ = {isa = PBXFileReference; fileEncoding = 4; lastKnownFileType = sourcecode.swift; path = VideoLoader.swift; sourceTree = "<group>"; };
		FAF450231BE2D2FD00C1F98A /* VideoCache.swift */ = {isa = PBXFileReference; fileEncoding = 4; lastKnownFileType = sourcecode.swift; path = VideoCache.swift; sourceTree = "<group>"; };
/* End PBXFileReference section */

/* Begin PBXFrameworksBuildPhase section */
		FA143CD31BDA3E880041A82B /* Frameworks */ = {
			isa = PBXFrameworksBuildPhase;
			buildActionMask = 2147483647;
			files = (
				FA143CE61BDA3EEF0041A82B /* AVKit.framework in Frameworks */,
			);
			runOnlyForDeploymentPostprocessing = 0;
		};
		FACAF1A11BD9FC6000E539DC /* Frameworks */ = {
			isa = PBXFrameworksBuildPhase;
			buildActionMask = 2147483647;
			files = (
			);
			runOnlyForDeploymentPostprocessing = 0;
		};
/* End PBXFrameworksBuildPhase section */

/* Begin PBXGroup section */
		FA2D7AA01BDD849E009EA54C /* Frameworks */ = {
			isa = PBXGroup;
			children = (
				FA143CE51BDA3EEF0041A82B /* AVKit.framework */,
			);
			name = Frameworks;
			sourceTree = "<group>";
		};
		FAC36F2F1BE1756D007F2A20 /* App */ = {
			isa = PBXGroup;
			children = (
				FAC36F301BE1756D007F2A20 /* AppDelegate.swift */,
				FAC36F311BE1756D007F2A20 /* Resources */,
			);
			name = App;
			path = Aerial/App;
			sourceTree = "<group>";
		};
		FAC36F311BE1756D007F2A20 /* Resources */ = {
			isa = PBXGroup;
			children = (
				FAC36F321BE1756D007F2A20 /* Assets.xcassets */,
				FAC36F331BE1756D007F2A20 /* MainMenu.xib */,
				FAC36F351BE1756D007F2A20 /* Info.plist */,
			);
			path = Resources;
			sourceTree = "<group>";
		};
		FAC36F361BE1756D007F2A20 /* Resources */ = {
			isa = PBXGroup;
			children = (
				FAC36F371BE1756D007F2A20 /* icon-day.pdf */,
				FAC36F381BE1756D007F2A20 /* icon-night.pdf */,
				FAC36F391BE1756D007F2A20 /* Info.plist */,
				FAC36F3A1BE1756D007F2A20 /* PreferencesWindow.xib */,
				FAC36F3B1BE1756D007F2A20 /* thumbnail.png */,
			);
			name = Resources;
			path = Aerial/Resources;
			sourceTree = "<group>";
		};
		FAC36F3C1BE1756D007F2A20 /* Source */ = {
			isa = PBXGroup;
			children = (
				FAC36F3D1BE1756D007F2A20 /* Controllers */,
				FAC36F3F1BE1756D007F2A20 /* Models */,
				FAC36F421BE1756D007F2A20 /* Views */,
			);
			name = Source;
			path = Aerial/Source;
			sourceTree = "<group>";
		};
		FAC36F3D1BE1756D007F2A20 /* Controllers */ = {
			isa = PBXGroup;
			children = (
				FAC36F3E1BE1756D007F2A20 /* PreferencesWindowController.swift */,
			);
			path = Controllers;
			sourceTree = "<group>";
		};
		FAC36F3F1BE1756D007F2A20 /* Models */ = {
			isa = PBXGroup;
			children = (
				FAC36F411BE1756D007F2A20 /* Cache */,
				FAC36F621BE17701007F2A20 /* Extensions */,
				FAC36F401BE1756D007F2A20 /* AerialVideo.swift */,
				FAC36F661BE1778C007F2A20 /* ManifestLoader.swift */,
				FAC36F691BE1780B007F2A20 /* Debug.swift */,
			);
			path = Models;
			sourceTree = "<group>";
		};
		FAC36F411BE1756D007F2A20 /* Cache */ = {
			isa = PBXGroup;
			children = (
				FAB22A7D1BE17D7D0065C0F5 /* AssetLoaderDelegate.swift */,
				FAF450201BE2B45D00C1F98A /* VideoLoader.swift */,
				FAF450231BE2D2FD00C1F98A /* VideoCache.swift */,
				FA36BD3E1BE57F8E00D5E03B /* VideoDownload.swift */,
			);
			path = Cache;
			sourceTree = "<group>";
		};
		FAC36F421BE1756D007F2A20 /* Views */ = {
			isa = PBXGroup;
			children = (
				FAC36F431BE1756D007F2A20 /* AerialView.swift */,
				FAC36F441BE1756D007F2A20 /* CheckCellView.swift */,
			);
			path = Views;
			sourceTree = "<group>";
		};
		FAC36F621BE17701007F2A20 /* Extensions */ = {
			isa = PBXGroup;
			children = (
				FAC36F631BE1772F007F2A20 /* CollectionType+Shuffling.swift */,
			);
			path = Extensions;
			sourceTree = "<group>";
		};
		FACAF19B1BD9FC6000E539DC = {
			isa = PBXGroup;
			children = (
				FAC36F2F1BE1756D007F2A20 /* App */,
				FAC36F361BE1756D007F2A20 /* Resources */,
				FAC36F3C1BE1756D007F2A20 /* Source */,
				FA2D7AA01BDD849E009EA54C /* Frameworks */,
				FACAF1A61BD9FC6000E539DC /* Products */,
			);
			sourceTree = "<group>";
		};
		FACAF1A61BD9FC6000E539DC /* Products */ = {
			isa = PBXGroup;
			children = (
				FACAF1A51BD9FC6000E539DC /* Aerial.saver */,
				FA143CD61BDA3E880041A82B /* Aerial Test.app */,
			);
			name = Products;
			sourceTree = "<group>";
		};
/* End PBXGroup section */

/* Begin PBXHeadersBuildPhase section */
		FACAF1A21BD9FC6000E539DC /* Headers */ = {
			isa = PBXHeadersBuildPhase;
			buildActionMask = 2147483647;
			files = (
			);
			runOnlyForDeploymentPostprocessing = 0;
		};
/* End PBXHeadersBuildPhase section */

/* Begin PBXNativeTarget section */
		FA143CD51BDA3E880041A82B /* Aerial Test */ = {
			isa = PBXNativeTarget;
			buildConfigurationList = FA143CE01BDA3E880041A82B /* Build configuration list for PBXNativeTarget "Aerial Test" */;
			buildPhases = (
				FA143CD21BDA3E880041A82B /* Sources */,
				FA143CD31BDA3E880041A82B /* Frameworks */,
				FA143CD41BDA3E880041A82B /* Resources */,
			);
			buildRules = (
			);
			dependencies = (
			);
			name = "Aerial Test";
			productName = "Aerial Test";
			productReference = FA143CD61BDA3E880041A82B /* Aerial Test.app */;
			productType = "com.apple.product-type.application";
		};
		FACAF1A41BD9FC6000E539DC /* Aerial */ = {
			isa = PBXNativeTarget;
			buildConfigurationList = FACAF1AF1BD9FC6000E539DC /* Build configuration list for PBXNativeTarget "Aerial" */;
			buildPhases = (
				FACAF1A01BD9FC6000E539DC /* Sources */,
				FACAF1A11BD9FC6000E539DC /* Frameworks */,
				FACAF1A21BD9FC6000E539DC /* Headers */,
				FACAF1A31BD9FC6000E539DC /* Resources */,
			);
			buildRules = (
			);
			dependencies = (
			);
			name = Aerial;
			productName = Aerial;
			productReference = FACAF1A51BD9FC6000E539DC /* Aerial.saver */;
			productType = "com.apple.product-type.bundle";
		};
/* End PBXNativeTarget section */

/* Begin PBXProject section */
		FACAF19C1BD9FC6000E539DC /* Project object */ = {
			isa = PBXProject;
			attributes = {
				LastSwiftUpdateCheck = 0700;
				LastUpgradeCheck = 0700;
				ORGANIZATIONNAME = "John Coates";
				TargetAttributes = {
					FA143CD51BDA3E880041A82B = {
						CreatedOnToolsVersion = 7.0;
					};
					FACAF1A41BD9FC6000E539DC = {
						CreatedOnToolsVersion = 7.0;
					};
				};
			};
			buildConfigurationList = FACAF19F1BD9FC6000E539DC /* Build configuration list for PBXProject "Aerial" */;
			compatibilityVersion = "Xcode 3.2";
			developmentRegion = English;
			hasScannedForEncodings = 0;
			knownRegions = (
				en,
				Base,
			);
			mainGroup = FACAF19B1BD9FC6000E539DC;
			productRefGroup = FACAF1A61BD9FC6000E539DC /* Products */;
			projectDirPath = "";
			projectRoot = "";
			targets = (
				FACAF1A41BD9FC6000E539DC /* Aerial */,
				FA143CD51BDA3E880041A82B /* Aerial Test */,
			);
		};
/* End PBXProject section */

/* Begin PBXResourcesBuildPhase section */
		FA143CD41BDA3E880041A82B /* Resources */ = {
			isa = PBXResourcesBuildPhase;
			buildActionMask = 2147483647;
			files = (
				FAC36F541BE1756D007F2A20 /* PreferencesWindow.xib in Resources */,
				FAC36F4E1BE1756D007F2A20 /* icon-day.pdf in Resources */,
				FAC36F481BE1756D007F2A20 /* Assets.xcassets in Resources */,
				FAC36F561BE1756D007F2A20 /* thumbnail.png in Resources */,
				FAC36F4A1BE1756D007F2A20 /* MainMenu.xib in Resources */,
				FAC36F501BE1756D007F2A20 /* icon-night.pdf in Resources */,
			);
			runOnlyForDeploymentPostprocessing = 0;
		};
		FACAF1A31BD9FC6000E539DC /* Resources */ = {
			isa = PBXResourcesBuildPhase;
			buildActionMask = 2147483647;
			files = (
				FAC36F531BE1756D007F2A20 /* PreferencesWindow.xib in Resources */,
				FAC36F4D1BE1756D007F2A20 /* icon-day.pdf in Resources */,
				FAC36F551BE1756D007F2A20 /* thumbnail.png in Resources */,
				FAC36F4F1BE1756D007F2A20 /* icon-night.pdf in Resources */,
			);
			runOnlyForDeploymentPostprocessing = 0;
		};
/* End PBXResourcesBuildPhase section */

/* Begin PBXSourcesBuildPhase section */
		FA143CD21BDA3E880041A82B /* Sources */ = {
			isa = PBXSourcesBuildPhase;
			buildActionMask = 2147483647;
			files = (
				FAC36F651BE1772F007F2A20 /* CollectionType+Shuffling.swift in Sources */,
				FAC36F5E1BE1756D007F2A20 /* CheckCellView.swift in Sources */,
				FAC36F5C1BE1756D007F2A20 /* AerialView.swift in Sources */,
				FAC36F681BE1778C007F2A20 /* ManifestLoader.swift in Sources */,
				FAC36F581BE1756D007F2A20 /* PreferencesWindowController.swift in Sources */,
				FAC36F6B1BE1780B007F2A20 /* Debug.swift in Sources */,
				FAB22A7F1BE17D7D0065C0F5 /* AssetLoaderDelegate.swift in Sources */,
				FAC36F601BE175CF007F2A20 /* AppDelegate.swift in Sources */,
				FA36BD401BE57F8E00D5E03B /* VideoDownload.swift in Sources */,
				FAF450221BE2B45D00C1F98A /* VideoLoader.swift in Sources */,
				FAC36F5A1BE1756D007F2A20 /* AerialVideo.swift in Sources */,
				FAF450251BE2D2FD00C1F98A /* VideoCache.swift in Sources */,
			);
			runOnlyForDeploymentPostprocessing = 0;
		};
		FACAF1A01BD9FC6000E539DC /* Sources */ = {
			isa = PBXSourcesBuildPhase;
			buildActionMask = 2147483647;
			files = (
				FAC36F5D1BE1756D007F2A20 /* CheckCellView.swift in Sources */,
				FAC36F5B1BE1756D007F2A20 /* AerialView.swift in Sources */,
				FAF450241BE2D2FD00C1F98A /* VideoCache.swift in Sources */,
				FAC36F571BE1756D007F2A20 /* PreferencesWindowController.swift in Sources */,
				FAC36F671BE1778C007F2A20 /* ManifestLoader.swift in Sources */,
				FAC36F591BE1756D007F2A20 /* AerialVideo.swift in Sources */,
				FAF450211BE2B45D00C1F98A /* VideoLoader.swift in Sources */,
				FAC36F6A1BE1780B007F2A20 /* Debug.swift in Sources */,
				FAB22A7E1BE17D7D0065C0F5 /* AssetLoaderDelegate.swift in Sources */,
				FA36BD3F1BE57F8E00D5E03B /* VideoDownload.swift in Sources */,
				FAC36F641BE1772F007F2A20 /* CollectionType+Shuffling.swift in Sources */,
			);
			runOnlyForDeploymentPostprocessing = 0;
		};
/* End PBXSourcesBuildPhase section */

/* Begin PBXVariantGroup section */
		FAC36F331BE1756D007F2A20 /* MainMenu.xib */ = {
			isa = PBXVariantGroup;
			children = (
				FAC36F341BE1756D007F2A20 /* Base */,
			);
			name = MainMenu.xib;
			sourceTree = "<group>";
		};
/* End PBXVariantGroup section */

/* Begin XCBuildConfiguration section */
		FA143CE11BDA3E880041A82B /* Debug */ = {
			isa = XCBuildConfiguration;
			buildSettings = {
				ASSETCATALOG_COMPILER_APPICON_NAME = AppIcon;
				CODE_SIGN_IDENTITY = "-";
				COMBINE_HIDPI_IMAGES = YES;
				INFOPLIST_FILE = Aerial/App/Resources/Info.plist;
				LD_RUNPATH_SEARCH_PATHS = "$(inherited) @executable_path/../Frameworks";
				MACOSX_DEPLOYMENT_TARGET = 10.9;
				PRODUCT_BUNDLE_IDENTIFIER = "com.johncoates.Aerial-Test";
				PRODUCT_NAME = "$(TARGET_NAME)";
				SWIFT_OPTIMIZATION_LEVEL = "-Onone";
			};
			name = Debug;
		};
		FA143CE21BDA3E880041A82B /* Release */ = {
			isa = XCBuildConfiguration;
			buildSettings = {
				ASSETCATALOG_COMPILER_APPICON_NAME = AppIcon;
				CODE_SIGN_IDENTITY = "-";
				COMBINE_HIDPI_IMAGES = YES;
				INFOPLIST_FILE = Aerial/App/Resources/Info.plist;
				LD_RUNPATH_SEARCH_PATHS = "$(inherited) @executable_path/../Frameworks";
				MACOSX_DEPLOYMENT_TARGET = 10.9;
				PRODUCT_BUNDLE_IDENTIFIER = "com.johncoates.Aerial-Test";
				PRODUCT_NAME = "$(TARGET_NAME)";
			};
			name = Release;
		};
		FACAF1AD1BD9FC6000E539DC /* Debug */ = {
			isa = XCBuildConfiguration;
			buildSettings = {
				ALWAYS_SEARCH_USER_PATHS = NO;
				CLANG_CXX_LANGUAGE_STANDARD = "gnu++0x";
				CLANG_CXX_LIBRARY = "libc++";
				CLANG_ENABLE_MODULES = YES;
				CLANG_ENABLE_OBJC_ARC = YES;
				CLANG_WARN_BOOL_CONVERSION = YES;
				CLANG_WARN_CONSTANT_CONVERSION = YES;
				CLANG_WARN_DIRECT_OBJC_ISA_USAGE = YES_ERROR;
				CLANG_WARN_EMPTY_BODY = YES;
				CLANG_WARN_ENUM_CONVERSION = YES;
				CLANG_WARN_INT_CONVERSION = YES;
				CLANG_WARN_OBJC_ROOT_CLASS = YES_ERROR;
				CLANG_WARN_UNREACHABLE_CODE = YES;
				CLANG_WARN__DUPLICATE_METHOD_MATCH = YES;
				COPY_PHASE_STRIP = NO;
				DEBUG_INFORMATION_FORMAT = dwarf;
				ENABLE_STRICT_OBJC_MSGSEND = YES;
				ENABLE_TESTABILITY = YES;
				GCC_C_LANGUAGE_STANDARD = gnu99;
				GCC_DYNAMIC_NO_PIC = NO;
				GCC_NO_COMMON_BLOCKS = YES;
				GCC_OPTIMIZATION_LEVEL = 0;
				GCC_PREPROCESSOR_DEFINITIONS = (
					"DEBUG=1",
					"$(inherited)",
				);
				GCC_WARN_64_TO_32_BIT_CONVERSION = YES;
				GCC_WARN_ABOUT_RETURN_TYPE = YES_ERROR;
				GCC_WARN_UNDECLARED_SELECTOR = YES;
				GCC_WARN_UNINITIALIZED_AUTOS = YES_AGGRESSIVE;
				GCC_WARN_UNUSED_FUNCTION = YES;
				GCC_WARN_UNUSED_VARIABLE = YES;
				MACOSX_DEPLOYMENT_TARGET = 10.9;
				MTL_ENABLE_DEBUG_INFO = YES;
				ONLY_ACTIVE_ARCH = YES;
				OTHER_SWIFT_FLAGS = "-D DEBUG";
				SDKROOT = macosx;
			};
			name = Debug;
		};
		FACAF1AE1BD9FC6000E539DC /* Release */ = {
			isa = XCBuildConfiguration;
			buildSettings = {
				ALWAYS_SEARCH_USER_PATHS = NO;
				CLANG_CXX_LANGUAGE_STANDARD = "gnu++0x";
				CLANG_CXX_LIBRARY = "libc++";
				CLANG_ENABLE_MODULES = YES;
				CLANG_ENABLE_OBJC_ARC = YES;
				CLANG_WARN_BOOL_CONVERSION = YES;
				CLANG_WARN_CONSTANT_CONVERSION = YES;
				CLANG_WARN_DIRECT_OBJC_ISA_USAGE = YES_ERROR;
				CLANG_WARN_EMPTY_BODY = YES;
				CLANG_WARN_ENUM_CONVERSION = YES;
				CLANG_WARN_INT_CONVERSION = YES;
				CLANG_WARN_OBJC_ROOT_CLASS = YES_ERROR;
				CLANG_WARN_UNREACHABLE_CODE = YES;
				CLANG_WARN__DUPLICATE_METHOD_MATCH = YES;
				COPY_PHASE_STRIP = NO;
				DEBUG_INFORMATION_FORMAT = "dwarf-with-dsym";
				ENABLE_NS_ASSERTIONS = NO;
				ENABLE_STRICT_OBJC_MSGSEND = YES;
				GCC_C_LANGUAGE_STANDARD = gnu99;
				GCC_NO_COMMON_BLOCKS = YES;
				GCC_WARN_64_TO_32_BIT_CONVERSION = YES;
				GCC_WARN_ABOUT_RETURN_TYPE = YES_ERROR;
				GCC_WARN_UNDECLARED_SELECTOR = YES;
				GCC_WARN_UNINITIALIZED_AUTOS = YES_AGGRESSIVE;
				GCC_WARN_UNUSED_FUNCTION = YES;
				GCC_WARN_UNUSED_VARIABLE = YES;
				MACOSX_DEPLOYMENT_TARGET = 10.9;
				MTL_ENABLE_DEBUG_INFO = NO;
				SDKROOT = macosx;
			};
			name = Release;
		};
		FACAF1B01BD9FC6000E539DC /* Debug */ = {
			isa = XCBuildConfiguration;
			buildSettings = {
				CLANG_ENABLE_MODULES = YES;
				COMBINE_HIDPI_IMAGES = YES;
				DEFINES_MODULE = YES;
				EMBEDDED_CONTENT_CONTAINS_SWIFT = YES;
				INFOPLIST_FILE = Aerial/Resources/Info.plist;
				INSTALL_PATH = "$(HOME)/Library/Screen Savers";
				LD_RUNPATH_SEARCH_PATHS = "$(inherited) @executable_path/../Frameworks @loader_path/../Frameworks";
				PRODUCT_BUNDLE_IDENTIFIER = com.johncoates.Aerial;
				PRODUCT_NAME = "$(TARGET_NAME)";
				SWIFT_OPTIMIZATION_LEVEL = "-Onone";
				WRAPPER_EXTENSION = saver;
			};
			name = Debug;
		};
		FACAF1B11BD9FC6000E539DC /* Release */ = {
			isa = XCBuildConfiguration;
			buildSettings = {
				CLANG_ENABLE_MODULES = YES;
				COMBINE_HIDPI_IMAGES = YES;
				DEFINES_MODULE = YES;
				EMBEDDED_CONTENT_CONTAINS_SWIFT = YES;
				INFOPLIST_FILE = Aerial/Resources/Info.plist;
				INSTALL_PATH = "$(HOME)/Library/Screen Savers";
				LD_RUNPATH_SEARCH_PATHS = "$(inherited) @executable_path/../Frameworks @loader_path/../Frameworks";
				PRODUCT_BUNDLE_IDENTIFIER = com.johncoates.Aerial;
				PRODUCT_NAME = "$(TARGET_NAME)";
				WRAPPER_EXTENSION = saver;
			};
			name = Release;
		};
/* End XCBuildConfiguration section */

/* Begin XCConfigurationList section */
		FA143CE01BDA3E880041A82B /* Build configuration list for PBXNativeTarget "Aerial Test" */ = {
			isa = XCConfigurationList;
			buildConfigurations = (
				FA143CE11BDA3E880041A82B /* Debug */,
				FA143CE21BDA3E880041A82B /* Release */,
			);
			defaultConfigurationIsVisible = 0;
			defaultConfigurationName = Release;
		};
		FACAF19F1BD9FC6000E539DC /* Build configuration list for PBXProject "Aerial" */ = {
			isa = XCConfigurationList;
			buildConfigurations = (
				FACAF1AD1BD9FC6000E539DC /* Debug */,
				FACAF1AE1BD9FC6000E539DC /* Release */,
			);
			defaultConfigurationIsVisible = 0;
			defaultConfigurationName = Release;
		};
		FACAF1AF1BD9FC6000E539DC /* Build configuration list for PBXNativeTarget "Aerial" */ = {
			isa = XCConfigurationList;
			buildConfigurations = (
				FACAF1B01BD9FC6000E539DC /* Debug */,
				FACAF1B11BD9FC6000E539DC /* Release */,
			);
			defaultConfigurationIsVisible = 0;
			defaultConfigurationName = Release;
		};
/* End XCConfigurationList section */
	};
	rootObject = FACAF19C1BD9FC6000E539DC /* Project object */;
}
